
Microsoft Visual Studio Solution File, Format Version 12.00
# Visual Studio Version 16
VisualStudioVersion = 16.0.29519.181
MinimumVisualStudioVersion = 10.0.40219.1
Project("{FAE04EC0-301F-11D3-BF4B-00C04F79EFBC}") = "Organizator", "Organizator\Organizator.csproj", "{479C9886-C363-462C-BDF0-30C595B78BA2}"
EndProject
Global
	GlobalSection(SolutionConfigurationPlatforms) = preSolution
		Debug|Any CPU = Debug|Any CPU
		Release|Any CPU = Release|Any CPU
	EndGlobalSection
	GlobalSection(ProjectConfigurationPlatforms) = postSolution
		{479C9886-C363-462C-BDF0-30C595B78BA2}.Debug|Any CPU.ActiveCfg = Debug|Any CPU
		{479C9886-C363-462C-BDF0-30C595B78BA2}.Debug|Any CPU.Build.0 = Debug|Any CPU
		{479C9886-C363-462C-BDF0-30C595B78BA2}.Release|Any CPU.ActiveCfg = Release|Any CPU
		{479C9886-C363-462C-BDF0-30C595B78BA2}.Release|Any CPU.Build.0 = Release|Any CPU
	EndGlobalSection
	GlobalSection(SolutionProperties) = preSolution
		HideSolutionNode = FALSE
	EndGlobalSection
	GlobalSection(ExtensibilityGlobals) = postSolution
		SolutionGuid = {CE7A12C0-75A6-410B-BB49-CAF43B27AF16}
	EndGlobalSection
EndGlobal
